
Microsoft Visual Studio Solution File, Format Version 12.00
# Visual Studio Version 16
VisualStudioVersion = 16.0.29911.84
MinimumVisualStudioVersion = 10.0.40219.1
Project("{FAE04EC0-301F-11D3-BF4B-00C04F79EFBC}") = "Scoop", "Scoop\Scoop.csproj", "{09543F2F-58C3-410A-A91E-B7A3820DE452}"
EndProject
Global
	GlobalSection(SolutionConfigurationPlatforms) = preSolution
		Debug|Any CPU = Debug|Any CPU
		Release|Any CPU = Release|Any CPU
	EndGlobalSection
	GlobalSection(ProjectConfigurationPlatforms) = postSolution
		{09543F2F-58C3-410A-A91E-B7A3820DE452}.Debug|Any CPU.ActiveCfg = Debug|Any CPU
		{09543F2F-58C3-410A-A91E-B7A3820DE452}.Debug|Any CPU.Build.0 = Debug|Any CPU
		{09543F2F-58C3-410A-A91E-B7A3820DE452}.Release|Any CPU.ActiveCfg = Release|Any CPU
		{09543F2F-58C3-410A-A91E-B7A3820DE452}.Release|Any CPU.Build.0 = Release|Any CPU
	EndGlobalSection
	GlobalSection(SolutionProperties) = preSolution
		HideSolutionNode = FALSE
	EndGlobalSection
	GlobalSection(ExtensibilityGlobals) = postSolution
		SolutionGuid = {1EB2AFB9-07B5-4486-9F0C-BB57E1FAB211}
	EndGlobalSection
EndGlobal
